
Microsoft Visual Studio Solution File, Format Version 12.00
# Visual Studio Version 16
VisualStudioVersion = 16.0.29409.12
MinimumVisualStudioVersion = 10.0.40219.1
Project("{9A19103F-16F7-4668-BE54-9A1E7A4F7556}") = "Example.FontAwesome.Core", "Example.FontAwesome.Core\Example.FontAwesome.Core.csproj", "{22E18EE2-91E4-400C-A1BD-3BE49C4A5053}"
EndProject
Project("{2150E333-8FDC-42A3-9474-1A3956D46DE8}") = "_Lib", "_Lib", "{1E7FE2F5-6881-4CC2-A066-BCE69B710309}"
EndProject
Project("{9A19103F-16F7-4668-BE54-9A1E7A4F7556}") = "FontAwesome.Core", "..\src\CORE\FontAwesome.CORE\FontAwesome.Core.csproj", "{CEDA5034-1FC8-454A-9AEA-D7E955CFBCFD}"
EndProject
Global
	GlobalSection(SolutionConfigurationPlatforms) = preSolution
		Debug|Any CPU = Debug|Any CPU
		Release|Any CPU = Release|Any CPU
	EndGlobalSection
	GlobalSection(ProjectConfigurationPlatforms) = postSolution
		{22E18EE2-91E4-400C-A1BD-3BE49C4A5053}.Debug|Any CPU.ActiveCfg = Debug|Any CPU
		{22E18EE2-91E4-400C-A1BD-3BE49C4A5053}.Debug|Any CPU.Build.0 = Debug|Any CPU
		{22E18EE2-91E4-400C-A1BD-3BE49C4A5053}.Release|Any CPU.ActiveCfg = Release|Any CPU
		{22E18EE2-91E4-400C-A1BD-3BE49C4A5053}.Release|Any CPU.Build.0 = Release|Any CPU
		{CEDA5034-1FC8-454A-9AEA-D7E955CFBCFD}.Debug|Any CPU.ActiveCfg = Debug|Any CPU
		{CEDA5034-1FC8-454A-9AEA-D7E955CFBCFD}.Debug|Any CPU.Build.0 = Debug|Any CPU
		{CEDA5034-1FC8-454A-9AEA-D7E955CFBCFD}.Release|Any CPU.ActiveCfg = Release|Any CPU
		{CEDA5034-1FC8-454A-9AEA-D7E955CFBCFD}.Release|Any CPU.Build.0 = Release|Any CPU
	EndGlobalSection
	GlobalSection(SolutionProperties) = preSolution
		HideSolutionNode = FALSE
	EndGlobalSection
	GlobalSection(NestedProjects) = preSolution
		{CEDA5034-1FC8-454A-9AEA-D7E955CFBCFD} = {1E7FE2F5-6881-4CC2-A066-BCE69B710309}
	EndGlobalSection
	GlobalSection(ExtensibilityGlobals) = postSolution
		SolutionGuid = {A542728D-8A65-4B9D-A0FF-35C48E1E5E74}
	EndGlobalSection
EndGlobal
